
Microsoft Visual Studio Solution File, Format Version 12.00
# Visual Studio Version 17
VisualStudioVersion = 17.9.34622.214
MinimumVisualStudioVersion = 10.0.40219.1
Project("{2150E333-8FDC-42A3-9474-1A3956D46DE8}") = "Services", "Services", "{1C8D8C3A-24CB-472D-8516-E279A2599848}"
EndProject
Project("{2150E333-8FDC-42A3-9474-1A3956D46DE8}") = "Catalog", "Catalog", "{39F1E2D4-DC9D-4F03-A256-ADC1CE5E60CC}"
EndProject
Project("{9A19103F-16F7-4668-BE54-9A1E7A4F7556}") = "MultiShop.Catalog", "Services\Catalog\MultiShop.Catalog\MultiShop.Catalog.csproj", "{270EBC3F-EB32-4ECA-93A0-22FAD260D2B1}"
EndProject
Project("{2150E333-8FDC-42A3-9474-1A3956D46DE8}") = "Discount", "Discount", "{9DE7CC12-4857-4434-8D0B-686020952931}"
EndProject
Project("{9A19103F-16F7-4668-BE54-9A1E7A4F7556}") = "MultiShop.Discount", "Services\Discount\MultiShop.Discount\MultiShop.Discount.csproj", "{8D9941B9-33F9-40AB-BE59-1EC14EC64EB8}"
EndProject
Project("{2150E333-8FDC-42A3-9474-1A3956D46DE8}") = "Order", "Order", "{916B5E91-9087-432C-A9F0-17205157A8F5}"
EndProject
Project("{2150E333-8FDC-42A3-9474-1A3956D46DE8}") = "Core", "Core", "{C82BEE9F-A041-45A8-88D0-0F4FF389EE5B}"
EndProject
Project("{2150E333-8FDC-42A3-9474-1A3956D46DE8}") = "Infrastructure", "Infrastructure", "{04CA2639-0EC3-40CB-874A-EA6CA80EAFDA}"
EndProject
Project("{2150E333-8FDC-42A3-9474-1A3956D46DE8}") = "Presentation", "Presentation", "{CFC15A4E-95CC-4990-AD86-7C2508EFA9E3}"
EndProject
Project("{FAE04EC0-301F-11D3-BF4B-00C04F79EFBC}") = "MultiShop.Order.Domain", "Services\Order\Core\MultiShop.Order.Domain\MultiShop.Order.Domain.csproj", "{29D67679-D776-4B53-94AB-C3B17AD041BA}"
EndProject
Project("{FAE04EC0-301F-11D3-BF4B-00C04F79EFBC}") = "MultiShop.Order.Application", "Services\Order\Core\MultiShop.Order.Application\MultiShop.Order.Application.csproj", "{1FAF2B0C-06BD-48BC-AAD5-6D07D82AD93F}"
EndProject
Project("{FAE04EC0-301F-11D3-BF4B-00C04F79EFBC}") = "MultiShop.Order.Persistence", "Services\Order\Infrastructure\MultiShop.Order.Persistence\MultiShop.Order.Persistence.csproj", "{8796F809-94C6-47DD-A6F4-E527CB10A948}"
EndProject
Project("{FAE04EC0-301F-11D3-BF4B-00C04F79EFBC}") = "MultiShop.Order.WebApi", "Order\Presentation\MultiShop.Order.WebApi\MultiShop.Order.WebApi.csproj", "{36D7E75E-C64F-4C52-ADD5-164884E5BD4D}"
EndProject
Project("{2150E333-8FDC-42A3-9474-1A3956D46DE8}") = "IdentityServer", "IdentityServer", "{4772AB7D-C124-4893-A1FF-97F62C019833}"
EndProject
Project("{FAE04EC0-301F-11D3-BF4B-00C04F79EFBC}") = "MultiShop.IdentityServer", "IdentityServer\MultiShop.IdentityServer\MultiShop.IdentityServer.csproj", "{6F847316-2C50-4537-9F54-1BAFAA44BFE8}"
EndProject
Project("{2150E333-8FDC-42A3-9474-1A3956D46DE8}") = "Requirements", "Requirements", "{29393EF4-60E4-4301-88B6-C1F2E47335F5}"
	ProjectSection(SolutionItems) = preProject
		IdentityServerVersionErrorSolution.txt = IdentityServerVersionErrorSolution.txt
		PortainerCmd.txt = PortainerCmd.txt
		PortNumber.txt = PortNumber.txt
	EndProjectSection
EndProject
Global
	GlobalSection(SolutionConfigurationPlatforms) = preSolution
		Debug|Any CPU = Debug|Any CPU
		Release|Any CPU = Release|Any CPU
	EndGlobalSection
	GlobalSection(ProjectConfigurationPlatforms) = postSolution
		{270EBC3F-EB32-4ECA-93A0-22FAD260D2B1}.Debug|Any CPU.ActiveCfg = Debug|Any CPU
		{270EBC3F-EB32-4ECA-93A0-22FAD260D2B1}.Debug|Any CPU.Build.0 = Debug|Any CPU
		{270EBC3F-EB32-4ECA-93A0-22FAD260D2B1}.Release|Any CPU.ActiveCfg = Release|Any CPU
		{270EBC3F-EB32-4ECA-93A0-22FAD260D2B1}.Release|Any CPU.Build.0 = Release|Any CPU
		{8D9941B9-33F9-40AB-BE59-1EC14EC64EB8}.Debug|Any CPU.ActiveCfg = Debug|Any CPU
		{8D9941B9-33F9-40AB-BE59-1EC14EC64EB8}.Debug|Any CPU.Build.0 = Debug|Any CPU
		{8D9941B9-33F9-40AB-BE59-1EC14EC64EB8}.Release|Any CPU.ActiveCfg = Release|Any CPU
		{8D9941B9-33F9-40AB-BE59-1EC14EC64EB8}.Release|Any CPU.Build.0 = Release|Any CPU
		{29D67679-D776-4B53-94AB-C3B17AD041BA}.Debug|Any CPU.ActiveCfg = Debug|Any CPU
		{29D67679-D776-4B53-94AB-C3B17AD041BA}.Debug|Any CPU.Build.0 = Debug|Any CPU
		{29D67679-D776-4B53-94AB-C3B17AD041BA}.Release|Any CPU.ActiveCfg = Release|Any CPU
		{29D67679-D776-4B53-94AB-C3B17AD041BA}.Release|Any CPU.Build.0 = Release|Any CPU
		{1FAF2B0C-06BD-48BC-AAD5-6D07D82AD93F}.Debug|Any CPU.ActiveCfg = Debug|Any CPU
		{1FAF2B0C-06BD-48BC-AAD5-6D07D82AD93F}.Debug|Any CPU.Build.0 = Debug|Any CPU
		{1FAF2B0C-06BD-48BC-AAD5-6D07D82AD93F}.Release|Any CPU.ActiveCfg = Release|Any CPU
		{1FAF2B0C-06BD-48BC-AAD5-6D07D82AD93F}.Release|Any CPU.Build.0 = Release|Any CPU
		{8796F809-94C6-47DD-A6F4-E527CB10A948}.Debug|Any CPU.ActiveCfg = Debug|Any CPU
		{8796F809-94C6-47DD-A6F4-E527CB10A948}.Debug|Any CPU.Build.0 = Debug|Any CPU
		{8796F809-94C6-47DD-A6F4-E527CB10A948}.Release|Any CPU.ActiveCfg = Release|Any CPU
		{8796F809-94C6-47DD-A6F4-E527CB10A948}.Release|Any CPU.Build.0 = Release|Any CPU
		{36D7E75E-C64F-4C52-ADD5-164884E5BD4D}.Debug|Any CPU.ActiveCfg = Debug|Any CPU
		{36D7E75E-C64F-4C52-ADD5-164884E5BD4D}.Debug|Any CPU.Build.0 = Debug|Any CPU
		{36D7E75E-C64F-4C52-ADD5-164884E5BD4D}.Release|Any CPU.ActiveCfg = Release|Any CPU
		{36D7E75E-C64F-4C52-ADD5-164884E5BD4D}.Release|Any CPU.Build.0 = Release|Any CPU
		{6F847316-2C50-4537-9F54-1BAFAA44BFE8}.Debug|Any CPU.ActiveCfg = Debug|Any CPU
		{6F847316-2C50-4537-9F54-1BAFAA44BFE8}.Debug|Any CPU.Build.0 = Debug|Any CPU
		{6F847316-2C50-4537-9F54-1BAFAA44BFE8}.Release|Any CPU.ActiveCfg = Release|Any CPU
		{6F847316-2C50-4537-9F54-1BAFAA44BFE8}.Release|Any CPU.Build.0 = Release|Any CPU
	EndGlobalSection
	GlobalSection(SolutionProperties) = preSolution
		HideSolutionNode = FALSE
	EndGlobalSection
	GlobalSection(NestedProjects) = preSolution
		{39F1E2D4-DC9D-4F03-A256-ADC1CE5E60CC} = {1C8D8C3A-24CB-472D-8516-E279A2599848}
		{270EBC3F-EB32-4ECA-93A0-22FAD260D2B1} = {39F1E2D4-DC9D-4F03-A256-ADC1CE5E60CC}
		{9DE7CC12-4857-4434-8D0B-686020952931} = {1C8D8C3A-24CB-472D-8516-E279A2599848}
		{8D9941B9-33F9-40AB-BE59-1EC14EC64EB8} = {9DE7CC12-4857-4434-8D0B-686020952931}
		{916B5E91-9087-432C-A9F0-17205157A8F5} = {1C8D8C3A-24CB-472D-8516-E279A2599848}
		{C82BEE9F-A041-45A8-88D0-0F4FF389EE5B} = {916B5E91-9087-432C-A9F0-17205157A8F5}
		{04CA2639-0EC3-40CB-874A-EA6CA80EAFDA} = {916B5E91-9087-432C-A9F0-17205157A8F5}
		{CFC15A4E-95CC-4990-AD86-7C2508EFA9E3} = {916B5E91-9087-432C-A9F0-17205157A8F5}
		{29D67679-D776-4B53-94AB-C3B17AD041BA} = {C82BEE9F-A041-45A8-88D0-0F4FF389EE5B}
		{1FAF2B0C-06BD-48BC-AAD5-6D07D82AD93F} = {C82BEE9F-A041-45A8-88D0-0F4FF389EE5B}
		{8796F809-94C6-47DD-A6F4-E527CB10A948} = {04CA2639-0EC3-40CB-874A-EA6CA80EAFDA}
		{36D7E75E-C64F-4C52-ADD5-164884E5BD4D} = {CFC15A4E-95CC-4990-AD86-7C2508EFA9E3}
		{6F847316-2C50-4537-9F54-1BAFAA44BFE8} = {4772AB7D-C124-4893-A1FF-97F62C019833}
	EndGlobalSection
	GlobalSection(ExtensibilityGlobals) = postSolution
		SolutionGuid = {6FE2D1B1-FFF9-4286-BC93-868A7F2FAC8A}
	EndGlobalSection
EndGlobal
