
Microsoft Visual Studio Solution File, Format Version 12.00
# Visual Studio Version 17
VisualStudioVersion = 17.9.34622.214
MinimumVisualStudioVersion = 10.0.40219.1
Project("{2150E333-8FDC-42A3-9474-1A3956D46DE8}") = "Services", "Services", "{1C8D8C3A-24CB-472D-8516-E279A2599848}"
EndProject
Project("{2150E333-8FDC-42A3-9474-1A3956D46DE8}") = "Catalog", "Catalog", "{39F1E2D4-DC9D-4F03-A256-ADC1CE5E60CC}"
EndProject
Project("{9A19103F-16F7-4668-BE54-9A1E7A4F7556}") = "MultiShop.Catalog", "Services\Catalog\MultiShop.Catalog\MultiShop.Catalog.csproj", "{270EBC3F-EB32-4ECA-93A0-22FAD260D2B1}"
EndProject
Project("{2150E333-8FDC-42A3-9474-1A3956D46DE8}") = "Discount", "Discount", "{9DE7CC12-4857-4434-8D0B-686020952931}"
EndProject
Project("{9A19103F-16F7-4668-BE54-9A1E7A4F7556}") = "MultiShop.Discount", "Services\Discount\MultiShop.Discount\MultiShop.Discount.csproj", "{8D9941B9-33F9-40AB-BE59-1EC14EC64EB8}"
EndProject
Project("{2150E333-8FDC-42A3-9474-1A3956D46DE8}") = "Order", "Order", "{916B5E91-9087-432C-A9F0-17205157A8F5}"
EndProject
Project("{2150E333-8FDC-42A3-9474-1A3956D46DE8}") = "Core", "Core", "{0D7391CF-7F26-4FFD-A024-95FF8A6DF7EA}"
EndProject
Project("{2150E333-8FDC-42A3-9474-1A3956D46DE8}") = "Infrastructure", "Infrastructure", "{FC79221C-6085-4C42-B5DB-EE1E62695003}"
EndProject
Project("{2150E333-8FDC-42A3-9474-1A3956D46DE8}") = "Presentation", "Presentation", "{70445582-EB10-4989-B215-D0DA3F1F642D}"
EndProject
Project("{FAE04EC0-301F-11D3-BF4B-00C04F79EFBC}") = "MultiShop.Order.Domain", "Services\Order\Core\MultiShop.Order.Domain\MultiShop.Order.Domain.csproj", "{7D082D90-80BB-43D7-9A5C-CB390F94F5B8}"
EndProject
Project("{FAE04EC0-301F-11D3-BF4B-00C04F79EFBC}") = "MultiShop.Order.Application", "Services\Order\Core\MultiShop.Order.Application\MultiShop.Order.Application.csproj", "{21F30DC3-0FC7-47B6-AE76-CFEB036EFD1E}"
EndProject
Project("{FAE04EC0-301F-11D3-BF4B-00C04F79EFBC}") = "MultiShop.Order.Persistence", "..\Services\Order\Infrastructure\MultiShop.Order.Persistence\MultiShop.Order.Persistence.csproj", "{A74C42FE-AC16-40DB-B7B2-8BD0551A11BC}"
EndProject
Project("{FAE04EC0-301F-11D3-BF4B-00C04F79EFBC}") = "MultiShop.Order.WebApi", "Order\Presentation\MultiShop.Order.WebApi\MultiShop.Order.WebApi.csproj", "{B4D9ACF2-0062-4075-AF79-6F89418D1232}"
EndProject
Global
	GlobalSection(SolutionConfigurationPlatforms) = preSolution
		Debug|Any CPU = Debug|Any CPU
		Release|Any CPU = Release|Any CPU
	EndGlobalSection
	GlobalSection(ProjectConfigurationPlatforms) = postSolution
		{270EBC3F-EB32-4ECA-93A0-22FAD260D2B1}.Debug|Any CPU.ActiveCfg = Debug|Any CPU
		{270EBC3F-EB32-4ECA-93A0-22FAD260D2B1}.Debug|Any CPU.Build.0 = Debug|Any CPU
		{270EBC3F-EB32-4ECA-93A0-22FAD260D2B1}.Release|Any CPU.ActiveCfg = Release|Any CPU
		{270EBC3F-EB32-4ECA-93A0-22FAD260D2B1}.Release|Any CPU.Build.0 = Release|Any CPU
		{8D9941B9-33F9-40AB-BE59-1EC14EC64EB8}.Debug|Any CPU.ActiveCfg = Debug|Any CPU
		{8D9941B9-33F9-40AB-BE59-1EC14EC64EB8}.Debug|Any CPU.Build.0 = Debug|Any CPU
		{8D9941B9-33F9-40AB-BE59-1EC14EC64EB8}.Release|Any CPU.ActiveCfg = Release|Any CPU
		{8D9941B9-33F9-40AB-BE59-1EC14EC64EB8}.Release|Any CPU.Build.0 = Release|Any CPU
		{7D082D90-80BB-43D7-9A5C-CB390F94F5B8}.Debug|Any CPU.ActiveCfg = Debug|Any CPU
		{7D082D90-80BB-43D7-9A5C-CB390F94F5B8}.Debug|Any CPU.Build.0 = Debug|Any CPU
		{7D082D90-80BB-43D7-9A5C-CB390F94F5B8}.Release|Any CPU.ActiveCfg = Release|Any CPU
		{7D082D90-80BB-43D7-9A5C-CB390F94F5B8}.Release|Any CPU.Build.0 = Release|Any CPU
		{21F30DC3-0FC7-47B6-AE76-CFEB036EFD1E}.Debug|Any CPU.ActiveCfg = Debug|Any CPU
		{21F30DC3-0FC7-47B6-AE76-CFEB036EFD1E}.Debug|Any CPU.Build.0 = Debug|Any CPU
		{21F30DC3-0FC7-47B6-AE76-CFEB036EFD1E}.Release|Any CPU.ActiveCfg = Release|Any CPU
		{21F30DC3-0FC7-47B6-AE76-CFEB036EFD1E}.Release|Any CPU.Build.0 = Release|Any CPU
		{A74C42FE-AC16-40DB-B7B2-8BD0551A11BC}.Debug|Any CPU.ActiveCfg = Debug|Any CPU
		{A74C42FE-AC16-40DB-B7B2-8BD0551A11BC}.Debug|Any CPU.Build.0 = Debug|Any CPU
		{A74C42FE-AC16-40DB-B7B2-8BD0551A11BC}.Release|Any CPU.ActiveCfg = Release|Any CPU
		{A74C42FE-AC16-40DB-B7B2-8BD0551A11BC}.Release|Any CPU.Build.0 = Release|Any CPU
		{B4D9ACF2-0062-4075-AF79-6F89418D1232}.Debug|Any CPU.ActiveCfg = Debug|Any CPU
		{B4D9ACF2-0062-4075-AF79-6F89418D1232}.Debug|Any CPU.Build.0 = Debug|Any CPU
		{B4D9ACF2-0062-4075-AF79-6F89418D1232}.Release|Any CPU.ActiveCfg = Release|Any CPU
		{B4D9ACF2-0062-4075-AF79-6F89418D1232}.Release|Any CPU.Build.0 = Release|Any CPU
	EndGlobalSection
	GlobalSection(SolutionProperties) = preSolution
		HideSolutionNode = FALSE
	EndGlobalSection
	GlobalSection(NestedProjects) = preSolution
		{39F1E2D4-DC9D-4F03-A256-ADC1CE5E60CC} = {1C8D8C3A-24CB-472D-8516-E279A2599848}
		{270EBC3F-EB32-4ECA-93A0-22FAD260D2B1} = {39F1E2D4-DC9D-4F03-A256-ADC1CE5E60CC}
		{9DE7CC12-4857-4434-8D0B-686020952931} = {1C8D8C3A-24CB-472D-8516-E279A2599848}
		{8D9941B9-33F9-40AB-BE59-1EC14EC64EB8} = {9DE7CC12-4857-4434-8D0B-686020952931}
		{916B5E91-9087-432C-A9F0-17205157A8F5} = {1C8D8C3A-24CB-472D-8516-E279A2599848}
		{0D7391CF-7F26-4FFD-A024-95FF8A6DF7EA} = {916B5E91-9087-432C-A9F0-17205157A8F5}
		{FC79221C-6085-4C42-B5DB-EE1E62695003} = {916B5E91-9087-432C-A9F0-17205157A8F5}
		{70445582-EB10-4989-B215-D0DA3F1F642D} = {916B5E91-9087-432C-A9F0-17205157A8F5}
		{7D082D90-80BB-43D7-9A5C-CB390F94F5B8} = {0D7391CF-7F26-4FFD-A024-95FF8A6DF7EA}
		{21F30DC3-0FC7-47B6-AE76-CFEB036EFD1E} = {0D7391CF-7F26-4FFD-A024-95FF8A6DF7EA}
		{A74C42FE-AC16-40DB-B7B2-8BD0551A11BC} = {FC79221C-6085-4C42-B5DB-EE1E62695003}
		{B4D9ACF2-0062-4075-AF79-6F89418D1232} = {70445582-EB10-4989-B215-D0DA3F1F642D}
	EndGlobalSection
	GlobalSection(ExtensibilityGlobals) = postSolution
		SolutionGuid = {6FE2D1B1-FFF9-4286-BC93-868A7F2FAC8A}
	EndGlobalSection
EndGlobal
